
Microsoft Visual Studio Solution File, Format Version 12.00
# Visual Studio 14
VisualStudioVersion = 14.0.25420.1
MinimumVisualStudioVersion = 10.0.40219.1
Project("{FAE04EC0-301F-11D3-BF4B-00C04F79EFBC}") = "WebMaxiFarmacia", "WebMaxiFarmacia\WebMaxiFarmacia.csproj", "{421C8930-1995-4098-9710-67D4EFDDAEC0}"
EndProject
Project("{2150E333-8FDC-42A3-9474-1A3956D46DE8}") = "Solution Items", "Solution Items", "{3D0EA9B3-2361-4094-915D-8CA06A800F92}"
	ProjectSection(SolutionItems) = preProject
		WE-Palette.css = WE-Palette.css
		WebEssentials2015-Settings.json = WebEssentials2015-Settings.json
	EndProjectSection
EndProject
Global
	GlobalSection(SolutionConfigurationPlatforms) = preSolution
		Debug|Any CPU = Debug|Any CPU
		Release|Any CPU = Release|Any CPU
	EndGlobalSection
	GlobalSection(ProjectConfigurationPlatforms) = postSolution
		{421C8930-1995-4098-9710-67D4EFDDAEC0}.Debug|Any CPU.ActiveCfg = Debug|Any CPU
		{421C8930-1995-4098-9710-67D4EFDDAEC0}.Debug|Any CPU.Build.0 = Debug|Any CPU
		{421C8930-1995-4098-9710-67D4EFDDAEC0}.Release|Any CPU.ActiveCfg = Release|Any CPU
		{421C8930-1995-4098-9710-67D4EFDDAEC0}.Release|Any CPU.Build.0 = Release|Any CPU
	EndGlobalSection
	GlobalSection(SolutionProperties) = preSolution
		HideSolutionNode = FALSE
	EndGlobalSection
EndGlobal
